
Microsoft Visual Studio Solution File, Format Version 12.00
# Visual Studio Version 17
VisualStudioVersion = 17.14.36414.22 d17.14
MinimumVisualStudioVersion = 10.0.40219.1
Project("{FAE04EC0-301F-11D3-BF4B-00C04F79EFBC}") = "GYMCrud", "GYMCrud.csproj", "{A091DD1D-6050-49BA-8A08-4A41C922DC30}"
EndProject
Global
	GlobalSection(SolutionConfigurationPlatforms) = preSolution
		Debug|Any CPU = Debug|Any CPU
		Release|Any CPU = Release|Any CPU
	EndGlobalSection
	GlobalSection(ProjectConfigurationPlatforms) = postSolution
		{A091DD1D-6050-49BA-8A08-4A41C922DC30}.Debug|Any CPU.ActiveCfg = Debug|Any CPU
		{A091DD1D-6050-49BA-8A08-4A41C922DC30}.Debug|Any CPU.Build.0 = Debug|Any CPU
		{A091DD1D-6050-49BA-8A08-4A41C922DC30}.Release|Any CPU.ActiveCfg = Release|Any CPU
		{A091DD1D-6050-49BA-8A08-4A41C922DC30}.Release|Any CPU.Build.0 = Release|Any CPU
	EndGlobalSection
	GlobalSection(SolutionProperties) = preSolution
		HideSolutionNode = FALSE
	EndGlobalSection
	GlobalSection(ExtensibilityGlobals) = postSolution
		SolutionGuid = {E800FC3A-1B2F-449E-B0FC-5BEB673EB7F6}
	EndGlobalSection
EndGlobal
