
Microsoft Visual Studio Solution File, Format Version 12.00
# Visual Studio Version 17
VisualStudioVersion = 17.14.36203.30 d17.14
MinimumVisualStudioVersion = 10.0.40219.1
Project("{FAE04EC0-301F-11D3-BF4B-00C04F79EFBC}") = "Studentportal.web", "Studentportal.web\Studentportal.web.csproj", "{B08B4A17-87A2-4B28-AE51-686C94B0A56D}"
EndProject
Global
	GlobalSection(SolutionConfigurationPlatforms) = preSolution
		Debug|Any CPU = Debug|Any CPU
		Release|Any CPU = Release|Any CPU
	EndGlobalSection
	GlobalSection(ProjectConfigurationPlatforms) = postSolution
		{B08B4A17-87A2-4B28-AE51-686C94B0A56D}.Debug|Any CPU.ActiveCfg = Debug|Any CPU
		{B08B4A17-87A2-4B28-AE51-686C94B0A56D}.Debug|Any CPU.Build.0 = Debug|Any CPU
		{B08B4A17-87A2-4B28-AE51-686C94B0A56D}.Release|Any CPU.ActiveCfg = Release|Any CPU
		{B08B4A17-87A2-4B28-AE51-686C94B0A56D}.Release|Any CPU.Build.0 = Release|Any CPU
	EndGlobalSection
	GlobalSection(SolutionProperties) = preSolution
		HideSolutionNode = FALSE
	EndGlobalSection
	GlobalSection(ExtensibilityGlobals) = postSolution
		SolutionGuid = {1785BD16-0FB4-424E-8FCF-FA122BC5DDCB}
	EndGlobalSection
EndGlobal
