
Microsoft Visual Studio Solution File, Format Version 12.00
# Visual Studio Version 17
VisualStudioVersion = 17.14.36203.30 d17.14
MinimumVisualStudioVersion = 10.0.40219.1
Project("{FAE04EC0-301F-11D3-BF4B-00C04F79EFBC}") = "ScholarshipFormPortal", "ScholarshipFormPortal.csproj", "{F878E443-B0A9-4725-B204-BF94CF69857E}"
EndProject
Global
	GlobalSection(SolutionConfigurationPlatforms) = preSolution
		Debug|Any CPU = Debug|Any CPU
		Release|Any CPU = Release|Any CPU
	EndGlobalSection
	GlobalSection(ProjectConfigurationPlatforms) = postSolution
		{F878E443-B0A9-4725-B204-BF94CF69857E}.Debug|Any CPU.ActiveCfg = Debug|Any CPU
		{F878E443-B0A9-4725-B204-BF94CF69857E}.Debug|Any CPU.Build.0 = Debug|Any CPU
		{F878E443-B0A9-4725-B204-BF94CF69857E}.Release|Any CPU.ActiveCfg = Release|Any CPU
		{F878E443-B0A9-4725-B204-BF94CF69857E}.Release|Any CPU.Build.0 = Release|Any CPU
	EndGlobalSection
	GlobalSection(SolutionProperties) = preSolution
		HideSolutionNode = FALSE
	EndGlobalSection
	GlobalSection(ExtensibilityGlobals) = postSolution
		SolutionGuid = {9D409892-7108-408F-BDF5-FF1560A8B671}
	EndGlobalSection
EndGlobal
